
Microsoft Visual Studio Solution File, Format Version 12.00
# Visual Studio Version 16
VisualStudioVersion = 16.0.30128.74
MinimumVisualStudioVersion = 15.0.26124.0
Project("{9A19103F-16F7-4668-BE54-9A1E7A4F7556}") = "BinaryTree", "BinaryTree\BinaryTree.csproj", "{10241652-841F-42D6-AD62-CDC2E5A1CA91}"
EndProject
Project("{9A19103F-16F7-4668-BE54-9A1E7A4F7556}") = "BinaryTree.Tests", "BinaryTree.Tests\BinaryTree.Tests.csproj", "{EABA8B75-275C-401E-9DEA-8D512F344C84}"
EndProject
Global
	GlobalSection(SolutionConfigurationPlatforms) = preSolution
		Debug|Any CPU = Debug|Any CPU
		Debug|x64 = Debug|x64
		Debug|x86 = Debug|x86
		Release|Any CPU = Release|Any CPU
		Release|x64 = Release|x64
		Release|x86 = Release|x86
	EndGlobalSection
	GlobalSection(ProjectConfigurationPlatforms) = postSolution
		{10241652-841F-42D6-AD62-CDC2E5A1CA91}.Debug|Any CPU.ActiveCfg = Debug|Any CPU
		{10241652-841F-42D6-AD62-CDC2E5A1CA91}.Debug|Any CPU.Build.0 = Debug|Any CPU
		{10241652-841F-42D6-AD62-CDC2E5A1CA91}.Debug|x64.ActiveCfg = Debug|Any CPU
		{10241652-841F-42D6-AD62-CDC2E5A1CA91}.Debug|x64.Build.0 = Debug|Any CPU
		{10241652-841F-42D6-AD62-CDC2E5A1CA91}.Debug|x86.ActiveCfg = Debug|Any CPU
		{10241652-841F-42D6-AD62-CDC2E5A1CA91}.Debug|x86.Build.0 = Debug|Any CPU
		{10241652-841F-42D6-AD62-CDC2E5A1CA91}.Release|Any CPU.ActiveCfg = Release|Any CPU
		{10241652-841F-42D6-AD62-CDC2E5A1CA91}.Release|Any CPU.Build.0 = Release|Any CPU
		{10241652-841F-42D6-AD62-CDC2E5A1CA91}.Release|x64.ActiveCfg = Release|Any CPU
		{10241652-841F-42D6-AD62-CDC2E5A1CA91}.Release|x64.Build.0 = Release|Any CPU
		{10241652-841F-42D6-AD62-CDC2E5A1CA91}.Release|x86.ActiveCfg = Release|Any CPU
		{10241652-841F-42D6-AD62-CDC2E5A1CA91}.Release|x86.Build.0 = Release|Any CPU
		{EABA8B75-275C-401E-9DEA-8D512F344C84}.Debug|Any CPU.ActiveCfg = Debug|Any CPU
		{EABA8B75-275C-401E-9DEA-8D512F344C84}.Debug|Any CPU.Build.0 = Debug|Any CPU
		{EABA8B75-275C-401E-9DEA-8D512F344C84}.Debug|x64.ActiveCfg = Debug|Any CPU
		{EABA8B75-275C-401E-9DEA-8D512F344C84}.Debug|x64.Build.0 = Debug|Any CPU
		{EABA8B75-275C-401E-9DEA-8D512F344C84}.Debug|x86.ActiveCfg = Debug|Any CPU
		{EABA8B75-275C-401E-9DEA-8D512F344C84}.Debug|x86.Build.0 = Debug|Any CPU
		{EABA8B75-275C-401E-9DEA-8D512F344C84}.Release|Any CPU.ActiveCfg = Release|Any CPU
		{EABA8B75-275C-401E-9DEA-8D512F344C84}.Release|Any CPU.Build.0 = Release|Any CPU
		{EABA8B75-275C-401E-9DEA-8D512F344C84}.Release|x64.ActiveCfg = Release|Any CPU
		{EABA8B75-275C-401E-9DEA-8D512F344C84}.Release|x64.Build.0 = Release|Any CPU
		{EABA8B75-275C-401E-9DEA-8D512F344C84}.Release|x86.ActiveCfg = Release|Any CPU
		{EABA8B75-275C-401E-9DEA-8D512F344C84}.Release|x86.Build.0 = Release|Any CPU
	EndGlobalSection
	GlobalSection(SolutionProperties) = preSolution
		HideSolutionNode = FALSE
	EndGlobalSection
	GlobalSection(ExtensibilityGlobals) = postSolution
		SolutionGuid = {395FB8B0-9349-4AAF-9EC3-8EF0A7C336F8}
	EndGlobalSection
EndGlobal
